{"1.1.0",
[{<<"jsx">>,{pkg,<<"jsx">>,<<"2.8.3">>},0},
 {<<"rfc3339">>,{pkg,<<"rfc3339">>,<<"0.0.1">>},0}]}.
[
{pkg_hash,[
 {<<"jsx">>, <<"A05252D381885240744D955FBE3CF810504EB2567164824E19303EA59EEF62CF">>},
 {<<"rfc3339">>, <<"CC5F3144CCF8218D89F63EBD1CA1F7F47D89DCBBEE153CCE7B15308247AC15A3">>}]}
].
